{
	"name": "javascript",
	"version": "0.1.0",
	"lockfileVersion": 1,
	"requires": true,
	"dependencies": {
		"vue": {
			"version": "2.5.22",
			"resolved": "https://registry.npmjs.org/vue/-/vue-2.5.22.tgz",
			"integrity": "sha512-pxY3ZHlXNJMFQbkjEgGVMaMMkSV1ONpz+4qB55kZuJzyJOhn6MSy/YZdzhdnumegNzVTL/Dn3Pp4UrVBYt1j/g=="
		},
		"vue-router": {
			"version": "3.0.3",
			"resolved": "https://registry.npmjs.org/vue-router/-/vue-router-3.0.3.tgz",
			"integrity": "sha512-62rB6GjJuyklnLL+yKST469yCYj93SXEn8rpYjxgLwv0aH/Fd6OApD8Hgi9RlraZ1OOwv3jPQvZTtf1GixYW+g=="
		},
		"vue-template-compiler": {
			"version": "2.5.22",
			"resolved": "https://registry.npmjs.org/vue-template-compiler/-/vue-template-compiler-2.5.22.tgz",
			"integrity": "sha512-1VTw/NPTUeHNiwhkq6NkFzO7gYLjFCueBN0FX8NEiQIemd5EUMQ5hxrF7O0zCPo5tae+U9S/scETPea+hIz8Eg==",
			"dev": true,
			"requires": {
				"de-indent": "^1.0.2",
				"he": "^1.1.0"
			},
			"dependencies": {
				"de-indent": {
					"version": "1.0.2",
					"resolved": "https://registry.npmjs.org/de-indent/-/de-indent-1.0.2.tgz",
					"integrity": "sha1-sgOOhG3DO6pXlhKNCAS0VbjB4h0=",
					"dev": true
				},
				"he": {
					"version": "1.2.0",
					"resolved": "https://registry.npmjs.org/he/-/he-1.2.0.tgz",
					"integrity": "sha512-F/1DnUGPopORZi0ni+CvrCgHQ5FyEAHRLSApuYWMmrbSwoN2Mn/7k+Gl38gJnR7yyDZk6WLXwiGod1JOWNDKGw==",
					"dev": true
				}
			}
		},
		"vuex": {
			"version": "3.0.1",
			"resolved": "https://registry.npmjs.org/vuex/-/vuex-3.0.1.tgz",
			"integrity": "sha512-wLoqz0B7DSZtgbWL1ShIBBCjv22GV5U+vcBFox658g6V0s4wZV9P4YjCNyoHSyIBpj1f29JBoNQIqD82cR4O3w=="
		}
	}
}
